// !$*UTF8*$!
{
	archiveVersion = 1;
	classes = {
	};
	objectVersion = 56;
	objects = {

/* Begin PBXBuildFile section */
		02A400E07177BC9868797610 /* DethroneEvent.swift in Sources */ = {isa = PBXBuildFile; fileRef = 02D07A8DDA02E4061F6E32A7 /* DethroneEvent.swift */; };
		03E3F0A2C4AC215403A57B71 /* ReelThemeShadow.swift in Sources */ = {isa = PBXBuildFile; fileRef = 2221DD970EE3B2A3EA30705F /* ReelThemeShadow.swift */; };
		1CA28FCF15155DAEFCCE39CB /* SoundService.swift in Sources */ = {isa = PBXBuildFile; fileRef = 64252B70A9728B51E43022C8 /* SoundService.swift */; };
		1D07C88D108F20EAD24645B7 /* ReelThemeMotion.swift in Sources */ = {isa = PBXBuildFile; fileRef = 287273BDEE3813F3DCEB3DC8 /* ReelThemeMotion.swift */; };
		2172FDED881372D2CB743AB2 /* TierEmblem.swift in Sources */ = {isa = PBXBuildFile; fileRef = C5EDE258AB68E6CF6363ED43 /* TierEmblem.swift */; };
		278C47865446B41E4052DDE4 /* PodiumHeroSection.swift in Sources */ = {isa = PBXBuildFile; fileRef = 08D4F2BDC956E42CE3610EB1 /* PodiumHeroSection.swift */; };
		28C6BE23694C7B6FEEB2E4F0 /* ReelTheme.swift in Sources */ = {isa = PBXBuildFile; fileRef = DFE5713A395D888E28F52510 /* ReelTheme.swift */; };
		3C1D02D8B11173052BB7DA7F /* MapPreviewCard.swift in Sources */ = {isa = PBXBuildFile; fileRef = A04A7CBDC874CFC9A3D2DDEE /* MapPreviewCard.swift */; };
		566A9D36905D9A2FC46A4102 /* ReelThemeRadius.swift in Sources */ = {isa = PBXBuildFile; fileRef = 48EE8DC5FAC6D4BEC0C8DAC9 /* ReelThemeRadius.swift */; };
		56BBB612D2B71CB2870A1D40 /* HapticsService.swift in Sources */ = {isa = PBXBuildFile; fileRef = 04E65698B7177216E9CC87B5 /* HapticsService.swift */; };
		58698F9B1B110FEE6B2EC2E1 /* DethroneTickerSection.swift in Sources */ = {isa = PBXBuildFile; fileRef = 1C049D6D01397125FBE10CDC /* DethroneTickerSection.swift */; };
		6130308C5DDDA9C1FEFDB1A9 /* IdentityHeader.swift in Sources */ = {isa = PBXBuildFile; fileRef = 5DFA9B0276A511E8C5F2BB74 /* IdentityHeader.swift */; };
		6D43081AE6015C2A8E65BE9B /* LeaderboardService.swift in Sources */ = {isa = PBXBuildFile; fileRef = ABCA4624AC4F8BAF591DCDD3 /* LeaderboardService.swift */; };
		6FC89755E3EF470A253C5EE4 /* LeaderboardEntry.swift in Sources */ = {isa = PBXBuildFile; fileRef = E7E77AA35E641EEA25B1912F /* LeaderboardEntry.swift */; };
		7B9D87FFF40A990503AA698B /* SectionHeader.swift in Sources */ = {isa = PBXBuildFile; fileRef = 365CC4BCCFAED854E99BC364 /* SectionHeader.swift */; };
		7BAB86367D1AE648E3BFAC2A /* ShipAvatar.swift in Sources */ = {isa = PBXBuildFile; fileRef = 34E1754D278BF1E6DADF982E /* ShipAvatar.swift */; };
		7D6C92B7B1890872A21EBF30 /* FeatureCTAGrid.swift in Sources */ = {isa = PBXBuildFile; fileRef = 50F8FF68F4E131CA47FCD0F6 /* FeatureCTAGrid.swift */; };
		7DBCC4230234F501FE89CE9B /* PodiumCard.swift in Sources */ = {isa = PBXBuildFile; fileRef = 4AD26DCF9DEC57D8F9E5E693 /* PodiumCard.swift */; };
		81A071859E7D8033E4493E82 /* CatchPathStrip.swift in Sources */ = {isa = PBXBuildFile; fileRef = 0DF8D5394B17B562501CD7C0 /* CatchPathStrip.swift */; };
		8729693B32CB9B0AD6D434F7 /* DethroneEventService.swift in Sources */ = {isa = PBXBuildFile; fileRef = C5C9DB28B5EC3CC777B83C92 /* DethroneEventService.swift */; };
		87D96A82EF8F5074EEFA0BFA /* PirateButton.swift in Sources */ = {isa = PBXBuildFile; fileRef = F8D1F0E73FF4132113F5BD82 /* PirateButton.swift */; };
		88FDFB0E1CD5770E380F89A3 /* BountyService.swift in Sources */ = {isa = PBXBuildFile; fileRef = FFBB6B6E8049AB4D6EB1D0DA /* BountyService.swift */; };
		9CA6C27B1CBA582B6923A107 /* TabBarShell.swift in Sources */ = {isa = PBXBuildFile; fileRef = E4DD33DBB2DB3301BC9FCB27 /* TabBarShell.swift */; };
		ACE2EE27E4208F06C786C787 /* IconButton.swift in Sources */ = {isa = PBXBuildFile; fileRef = E1FFE8DE975CD4E5CB2D665D /* IconButton.swift */; };
		B2B52C4D57F692980C222A70 /* BountyCard.swift in Sources */ = {isa = PBXBuildFile; fileRef = 0D78967EB03B7E97AC5B6D41 /* BountyCard.swift */; };
		BE63E05A284601B0B8F8D4A8 /* DethroneTickerItem.swift in Sources */ = {isa = PBXBuildFile; fileRef = F312671D10AADFBC83978561 /* DethroneTickerItem.swift */; };
		C7228579AD11231A7B72DCCC /* Bounty.swift in Sources */ = {isa = PBXBuildFile; fileRef = EB3F7DEA2A7FB52D2563C729 /* Bounty.swift */; };
		CC308A6E57730796E052F329 /* ReelThemeTypography.swift in Sources */ = {isa = PBXBuildFile; fileRef = 71E6C2A807D88BF89EDC2761 /* ReelThemeTypography.swift */; };
		CC3CC3FF6DAE768C2CCF287D /* YourCrownsSection.swift in Sources */ = {isa = PBXBuildFile; fileRef = D0BAA2254751F0B11D13FC6C /* YourCrownsSection.swift */; };
		CEFF4A28A6B2EC6EC774E95E /* CenterFAB.swift in Sources */ = {isa = PBXBuildFile; fileRef = 6CC6BE7B8EDA16447CA54ABE /* CenterFAB.swift */; };
		D2FB7625851E73D70284CF36 /* HomeViewModel.swift in Sources */ = {isa = PBXBuildFile; fileRef = 0A17D04535DD6D0A442B2C4F /* HomeViewModel.swift */; };
		DBE5D8C52E7CD2D1BFFFEC3E /* HomeView.swift in Sources */ = {isa = PBXBuildFile; fileRef = 16E707CDF54D3B279A0EA24D /* HomeView.swift */; };
		DE8302ED2F1C4DE8D4A50E39 /* ReelThemeSpacing.swift in Sources */ = {isa = PBXBuildFile; fileRef = A9F3A5B0DD075B883DDA7C55 /* ReelThemeSpacing.swift */; };
		DF27C279AEAFB714371C7E7E /* GhostButton.swift in Sources */ = {isa = PBXBuildFile; fileRef = C895A69941AF58A51234E748 /* GhostButton.swift */; };
		E80000012D4A000000000001 /* ReelRoyaleApp.swift in Sources */ = {isa = PBXBuildFile; fileRef = E80000002D4A000000000001 /* ReelRoyaleApp.swift */; };
		E80000012D4A000000000002 /* ContentView.swift in Sources */ = {isa = PBXBuildFile; fileRef = E80000002D4A000000000002 /* ContentView.swift */; };
		E80000012D4A000000000003 /* Assets.xcassets in Resources */ = {isa = PBXBuildFile; fileRef = E80000002D4A000000000003 /* Assets.xcassets */; };
		E80000012D4A000000000101 /* User.swift in Sources */ = {isa = PBXBuildFile; fileRef = E80000002D4A000000000101 /* User.swift */; };
		E80000012D4A000000000102 /* Spot.swift in Sources */ = {isa = PBXBuildFile; fileRef = E80000002D4A000000000102 /* Spot.swift */; };
		E80000012D4A000000000103 /* Catch.swift in Sources */ = {isa = PBXBuildFile; fileRef = E80000002D4A000000000103 /* Catch.swift */; };
		E80000012D4A000000000104 /* Territory.swift in Sources */ = {isa = PBXBuildFile; fileRef = E80000002D4A000000000104 /* Territory.swift */; };
		E80000012D4A000000000105 /* Like.swift in Sources */ = {isa = PBXBuildFile; fileRef = E80000002D4A000000000105 /* Like.swift */; };
		E80000012D4A000000000106 /* WeatherConditions.swift in Sources */ = {isa = PBXBuildFile; fileRef = E80000002D4A000000000106 /* WeatherConditions.swift */; };
		E80000012D4A000000000107 /* RegulationInfo.swift in Sources */ = {isa = PBXBuildFile; fileRef = E80000002D4A000000000107 /* RegulationInfo.swift */; };
		E80000012D4A000000000201 /* SupabaseService.swift in Sources */ = {isa = PBXBuildFile; fileRef = E80000002D4A000000000201 /* SupabaseService.swift */; };
		E80000012D4A000000000202 /* AuthService.swift in Sources */ = {isa = PBXBuildFile; fileRef = E80000002D4A000000000202 /* AuthService.swift */; };
		E80000012D4A000000000203 /* WeatherService.swift in Sources */ = {isa = PBXBuildFile; fileRef = E80000002D4A000000000203 /* WeatherService.swift */; };
		E80000012D4A000000000204 /* RegulationsService.swift in Sources */ = {isa = PBXBuildFile; fileRef = E80000002D4A000000000204 /* RegulationsService.swift */; };
		E80000012D4A000000000205 /* FishIDService.swift in Sources */ = {isa = PBXBuildFile; fileRef = E80000002D4A000000000205 /* FishIDService.swift */; };
		E80000012D4A000000000206 /* MeasurementService.swift in Sources */ = {isa = PBXBuildFile; fileRef = E80000002D4A000000000206 /* MeasurementService.swift */; };
		E80000012D4A000000000207 /* GameService.swift in Sources */ = {isa = PBXBuildFile; fileRef = E80000002D4A000000000207 /* GameService.swift */; };
		E80000012D4A000000000208 /* ImageUploadService.swift in Sources */ = {isa = PBXBuildFile; fileRef = E80000002D4A000000000208 /* ImageUploadService.swift */; };
		E80000012D4A000000000301 /* UserRepository.swift in Sources */ = {isa = PBXBuildFile; fileRef = E80000002D4A000000000301 /* UserRepository.swift */; };
		E80000012D4A000000000302 /* SpotRepository.swift in Sources */ = {isa = PBXBuildFile; fileRef = E80000002D4A000000000302 /* SpotRepository.swift */; };
		E80000012D4A000000000303 /* CatchRepository.swift in Sources */ = {isa = PBXBuildFile; fileRef = E80000002D4A000000000303 /* CatchRepository.swift */; };
		E80000012D4A000000000304 /* TerritoryRepository.swift in Sources */ = {isa = PBXBuildFile; fileRef = E80000002D4A000000000304 /* TerritoryRepository.swift */; };
		E80000012D4A000000000305 /* LikeRepository.swift in Sources */ = {isa = PBXBuildFile; fileRef = E80000002D4A000000000305 /* LikeRepository.swift */; };
		E80000012D4A000000000401 /* AuthViewModel.swift in Sources */ = {isa = PBXBuildFile; fileRef = E80000002D4A000000000401 /* AuthViewModel.swift */; };
		E80000012D4A000000000402 /* SpotsViewModel.swift in Sources */ = {isa = PBXBuildFile; fileRef = E80000002D4A000000000402 /* SpotsViewModel.swift */; };
		E80000012D4A000000000403 /* SpotDetailViewModel.swift in Sources */ = {isa = PBXBuildFile; fileRef = E80000002D4A000000000403 /* SpotDetailViewModel.swift */; };
		E80000012D4A000000000404 /* LogCatchViewModel.swift in Sources */ = {isa = PBXBuildFile; fileRef = E80000002D4A000000000404 /* LogCatchViewModel.swift */; };
		E80000012D4A000000000405 /* CommunityViewModel.swift in Sources */ = {isa = PBXBuildFile; fileRef = E80000002D4A000000000405 /* CommunityViewModel.swift */; };
		E80000012D4A000000000406 /* ProfileViewModel.swift in Sources */ = {isa = PBXBuildFile; fileRef = E80000002D4A000000000406 /* ProfileViewModel.swift */; };
		E80000012D4A000000000407 /* FishIDViewModel.swift in Sources */ = {isa = PBXBuildFile; fileRef = E80000002D4A000000000407 /* FishIDViewModel.swift */; };
		E80000012D4A000000000408 /* MeasurementViewModel.swift in Sources */ = {isa = PBXBuildFile; fileRef = E80000002D4A000000000408 /* MeasurementViewModel.swift */; };
		E80000012D4A000000000501 /* MainTabView.swift in Sources */ = {isa = PBXBuildFile; fileRef = E80000002D4A000000000501 /* MainTabView.swift */; };
		E80000012D4A000000000502 /* AuthView.swift in Sources */ = {isa = PBXBuildFile; fileRef = E80000002D4A000000000502 /* AuthView.swift */; };
		E80000012D4A000000000503 /* LoginView.swift in Sources */ = {isa = PBXBuildFile; fileRef = E80000002D4A000000000503 /* LoginView.swift */; };
		E80000012D4A000000000504 /* SignUpView.swift in Sources */ = {isa = PBXBuildFile; fileRef = E80000002D4A000000000504 /* SignUpView.swift */; };
		E80000012D4A000000000505 /* ProfileSetupView.swift in Sources */ = {isa = PBXBuildFile; fileRef = E80000002D4A000000000505 /* ProfileSetupView.swift */; };
		E80000012D4A000000000506 /* SpotsView.swift in Sources */ = {isa = PBXBuildFile; fileRef = E80000002D4A000000000506 /* SpotsView.swift */; };
		E80000012D4A000000000507 /* SpotMapView.swift in Sources */ = {isa = PBXBuildFile; fileRef = E80000002D4A000000000507 /* SpotMapView.swift */; };
		E80000012D4A000000000508 /* SpotListView.swift in Sources */ = {isa = PBXBuildFile; fileRef = E80000002D4A000000000508 /* SpotListView.swift */; };
		E80000012D4A000000000509 /* SpotRowView.swift in Sources */ = {isa = PBXBuildFile; fileRef = E80000002D4A000000000509 /* SpotRowView.swift */; };
		E80000012D4A000000000510 /* SpotDetailView.swift in Sources */ = {isa = PBXBuildFile; fileRef = E80000002D4A000000000510 /* SpotDetailView.swift */; };
		E80000012D4A000000000511 /* CommunityView.swift in Sources */ = {isa = PBXBuildFile; fileRef = E80000002D4A000000000511 /* CommunityView.swift */; };
		E80000012D4A000000000512 /* FeedItemView.swift in Sources */ = {isa = PBXBuildFile; fileRef = E80000002D4A000000000512 /* FeedItemView.swift */; };
		E80000012D4A000000000513 /* ProfileView.swift in Sources */ = {isa = PBXBuildFile; fileRef = E80000002D4A000000000513 /* ProfileView.swift */; };
		E80000012D4A000000000514 /* CatchLogView.swift in Sources */ = {isa = PBXBuildFile; fileRef = E80000002D4A000000000514 /* CatchLogView.swift */; };
		E80000012D4A000000000515 /* LogCatchView.swift in Sources */ = {isa = PBXBuildFile; fileRef = E80000002D4A000000000515 /* LogCatchView.swift */; };
		E80000012D4A000000000516 /* CatchDetailView.swift in Sources */ = {isa = PBXBuildFile; fileRef = E80000002D4A000000000516 /* CatchDetailView.swift */; };
		E80000012D4A000000000517 /* MeasurementView.swift in Sources */ = {isa = PBXBuildFile; fileRef = E80000002D4A000000000517 /* MeasurementView.swift */; };
		E80000012D4A000000000518 /* MoreView.swift in Sources */ = {isa = PBXBuildFile; fileRef = E80000002D4A000000000518 /* MoreView.swift */; };
		E80000012D4A000000000519 /* FishIDView.swift in Sources */ = {isa = PBXBuildFile; fileRef = E80000002D4A000000000519 /* FishIDView.swift */; };
		E80000012D4A000000000520 /* RegulationsView.swift in Sources */ = {isa = PBXBuildFile; fileRef = E80000002D4A000000000520 /* RegulationsView.swift */; };
		E80000012D4A000000000521 /* CrownBadge.swift in Sources */ = {isa = PBXBuildFile; fileRef = E80000002D4A000000000521 /* CrownBadge.swift */; };
		E80000012D4A000000000522 /* UserAvatarView.swift in Sources */ = {isa = PBXBuildFile; fileRef = E80000002D4A000000000522 /* UserAvatarView.swift */; };
		E80000012D4A000000000523 /* CatchThumbnail.swift in Sources */ = {isa = PBXBuildFile; fileRef = E80000002D4A000000000523 /* CatchThumbnail.swift */; };
		E80000012D4A000000000524 /* LoadingView.swift in Sources */ = {isa = PBXBuildFile; fileRef = E80000002D4A000000000524 /* LoadingView.swift */; };
		E80000012D4A000000000601 /* Extensions.swift in Sources */ = {isa = PBXBuildFile; fileRef = E80000002D4A000000000601 /* Extensions.swift */; };
		E80000012D4A000000000602 /* Constants.swift in Sources */ = {isa = PBXBuildFile; fileRef = E80000002D4A000000000602 /* Constants.swift */; };
		E80000012D4A000000000603 /* AppState.swift in Sources */ = {isa = PBXBuildFile; fileRef = E80000002D4A000000000603 /* AppState.swift */; };
		E80000012D4A000000000604 /* LeaderboardView.swift in Sources */ = {isa = PBXBuildFile; fileRef = E80000002D4A000000000604 /* LeaderboardView.swift */; };
		E80000012D4A000000000605 /* TerritoryView.swift in Sources */ = {isa = PBXBuildFile; fileRef = E80000002D4A000000000605 /* TerritoryView.swift */; };
		E80000012D4A000000000606 /* SpotPickerView.swift in Sources */ = {isa = PBXBuildFile; fileRef = E80000002D4A000000000606 /* SpotPickerView.swift */; };
		E80000012D4A000000000607 /* ImagePicker.swift in Sources */ = {isa = PBXBuildFile; fileRef = E80000002D4A000000000607 /* ImagePicker.swift */; };
		E80000012D4A000000000608 /* ARMeasurementView.swift in Sources */ = {isa = PBXBuildFile; fileRef = E80000002D4A000000000608 /* ARMeasurementView.swift */; };
		EA03E871A779E28EBDA771A3 /* DoubloonChip.swift in Sources */ = {isa = PBXBuildFile; fileRef = 0F447813F99A9C900BCD1BE5 /* DoubloonChip.swift */; };
		EAB1DFE9F343AEDF5B1E32D7 /* TodaysBountySection.swift in Sources */ = {isa = PBXBuildFile; fileRef = 5F3AF490E1BA6A741C52A775 /* TodaysBountySection.swift */; };
		F3A61126642828BD2E14EBB0 /* ReelThemeColors.swift in Sources */ = {isa = PBXBuildFile; fileRef = 18452E73E53B22D1303444DF /* ReelThemeColors.swift */; };
/* End PBXBuildFile section */

/* Begin PBXFileReference section */
		02D07A8DDA02E4061F6E32A7 /* DethroneEvent.swift */ = {isa = PBXFileReference; includeInIndex = 1; lastKnownFileType = sourcecode.swift; path = DethroneEvent.swift; sourceTree = "<group>"; };
		04E65698B7177216E9CC87B5 /* HapticsService.swift */ = {isa = PBXFileReference; includeInIndex = 1; lastKnownFileType = sourcecode.swift; path = HapticsService.swift; sourceTree = "<group>"; };
		08D4F2BDC956E42CE3610EB1 /* PodiumHeroSection.swift */ = {isa = PBXFileReference; includeInIndex = 1; lastKnownFileType = sourcecode.swift; path = PodiumHeroSection.swift; sourceTree = "<group>"; };
		0A17D04535DD6D0A442B2C4F /* HomeViewModel.swift */ = {isa = PBXFileReference; includeInIndex = 1; lastKnownFileType = sourcecode.swift; path = HomeViewModel.swift; sourceTree = "<group>"; };
		0D78967EB03B7E97AC5B6D41 /* BountyCard.swift */ = {isa = PBXFileReference; includeInIndex = 1; lastKnownFileType = sourcecode.swift; path = BountyCard.swift; sourceTree = "<group>"; };
		0DF8D5394B17B562501CD7C0 /* CatchPathStrip.swift */ = {isa = PBXFileReference; includeInIndex = 1; lastKnownFileType = sourcecode.swift; path = CatchPathStrip.swift; sourceTree = "<group>"; };
		0F447813F99A9C900BCD1BE5 /* DoubloonChip.swift */ = {isa = PBXFileReference; includeInIndex = 1; lastKnownFileType = sourcecode.swift; path = DoubloonChip.swift; sourceTree = "<group>"; };
		16E707CDF54D3B279A0EA24D /* HomeView.swift */ = {isa = PBXFileReference; includeInIndex = 1; lastKnownFileType = sourcecode.swift; path = HomeView.swift; sourceTree = "<group>"; };
		18452E73E53B22D1303444DF /* ReelThemeColors.swift */ = {isa = PBXFileReference; includeInIndex = 1; lastKnownFileType = sourcecode.swift; path = ReelThemeColors.swift; sourceTree = "<group>"; };
		1C049D6D01397125FBE10CDC /* DethroneTickerSection.swift */ = {isa = PBXFileReference; includeInIndex = 1; lastKnownFileType = sourcecode.swift; path = DethroneTickerSection.swift; sourceTree = "<group>"; };
		2221DD970EE3B2A3EA30705F /* ReelThemeShadow.swift */ = {isa = PBXFileReference; includeInIndex = 1; lastKnownFileType = sourcecode.swift; path = ReelThemeShadow.swift; sourceTree = "<group>"; };
		287273BDEE3813F3DCEB3DC8 /* ReelThemeMotion.swift */ = {isa = PBXFileReference; includeInIndex = 1; lastKnownFileType = sourcecode.swift; path = ReelThemeMotion.swift; sourceTree = "<group>"; };
		34E1754D278BF1E6DADF982E /* ShipAvatar.swift */ = {isa = PBXFileReference; includeInIndex = 1; lastKnownFileType = sourcecode.swift; path = ShipAvatar.swift; sourceTree = "<group>"; };
		365CC4BCCFAED854E99BC364 /* SectionHeader.swift */ = {isa = PBXFileReference; includeInIndex = 1; lastKnownFileType = sourcecode.swift; path = SectionHeader.swift; sourceTree = "<group>"; };
		48EE8DC5FAC6D4BEC0C8DAC9 /* ReelThemeRadius.swift */ = {isa = PBXFileReference; includeInIndex = 1; lastKnownFileType = sourcecode.swift; path = ReelThemeRadius.swift; sourceTree = "<group>"; };
		4AD26DCF9DEC57D8F9E5E693 /* PodiumCard.swift */ = {isa = PBXFileReference; includeInIndex = 1; lastKnownFileType = sourcecode.swift; path = PodiumCard.swift; sourceTree = "<group>"; };
		50F8FF68F4E131CA47FCD0F6 /* FeatureCTAGrid.swift */ = {isa = PBXFileReference; includeInIndex = 1; lastKnownFileType = sourcecode.swift; path = FeatureCTAGrid.swift; sourceTree = "<group>"; };
		5DFA9B0276A511E8C5F2BB74 /* IdentityHeader.swift */ = {isa = PBXFileReference; includeInIndex = 1; lastKnownFileType = sourcecode.swift; path = IdentityHeader.swift; sourceTree = "<group>"; };
		5F3AF490E1BA6A741C52A775 /* TodaysBountySection.swift */ = {isa = PBXFileReference; includeInIndex = 1; lastKnownFileType = sourcecode.swift; path = TodaysBountySection.swift; sourceTree = "<group>"; };
		64252B70A9728B51E43022C8 /* SoundService.swift */ = {isa = PBXFileReference; includeInIndex = 1; lastKnownFileType = sourcecode.swift; path = SoundService.swift; sourceTree = "<group>"; };
		6CC6BE7B8EDA16447CA54ABE /* CenterFAB.swift */ = {isa = PBXFileReference; includeInIndex = 1; lastKnownFileType = sourcecode.swift; path = CenterFAB.swift; sourceTree = "<group>"; };
		71E6C2A807D88BF89EDC2761 /* ReelThemeTypography.swift */ = {isa = PBXFileReference; includeInIndex = 1; lastKnownFileType = sourcecode.swift; path = ReelThemeTypography.swift; sourceTree = "<group>"; };
		A04A7CBDC874CFC9A3D2DDEE /* MapPreviewCard.swift */ = {isa = PBXFileReference; includeInIndex = 1; lastKnownFileType = sourcecode.swift; path = MapPreviewCard.swift; sourceTree = "<group>"; };
		A9F3A5B0DD075B883DDA7C55 /* ReelThemeSpacing.swift */ = {isa = PBXFileReference; includeInIndex = 1; lastKnownFileType = sourcecode.swift; path = ReelThemeSpacing.swift; sourceTree = "<group>"; };
		ABCA4624AC4F8BAF591DCDD3 /* LeaderboardService.swift */ = {isa = PBXFileReference; includeInIndex = 1; lastKnownFileType = sourcecode.swift; path = LeaderboardService.swift; sourceTree = "<group>"; };
		C5C9DB28B5EC3CC777B83C92 /* DethroneEventService.swift */ = {isa = PBXFileReference; includeInIndex = 1; lastKnownFileType = sourcecode.swift; path = DethroneEventService.swift; sourceTree = "<group>"; };
		C5EDE258AB68E6CF6363ED43 /* TierEmblem.swift */ = {isa = PBXFileReference; includeInIndex = 1; lastKnownFileType = sourcecode.swift; path = TierEmblem.swift; sourceTree = "<group>"; };
		C895A69941AF58A51234E748 /* GhostButton.swift */ = {isa = PBXFileReference; includeInIndex = 1; lastKnownFileType = sourcecode.swift; path = GhostButton.swift; sourceTree = "<group>"; };
		D0BAA2254751F0B11D13FC6C /* YourCrownsSection.swift */ = {isa = PBXFileReference; includeInIndex = 1; lastKnownFileType = sourcecode.swift; path = YourCrownsSection.swift; sourceTree = "<group>"; };
		DFE5713A395D888E28F52510 /* ReelTheme.swift */ = {isa = PBXFileReference; includeInIndex = 1; lastKnownFileType = sourcecode.swift; path = ReelTheme.swift; sourceTree = "<group>"; };
		E1FFE8DE975CD4E5CB2D665D /* IconButton.swift */ = {isa = PBXFileReference; includeInIndex = 1; lastKnownFileType = sourcecode.swift; path = IconButton.swift; sourceTree = "<group>"; };
		E4DD33DBB2DB3301BC9FCB27 /* TabBarShell.swift */ = {isa = PBXFileReference; includeInIndex = 1; lastKnownFileType = sourcecode.swift; path = TabBarShell.swift; sourceTree = "<group>"; };
		E7E77AA35E641EEA25B1912F /* LeaderboardEntry.swift */ = {isa = PBXFileReference; includeInIndex = 1; lastKnownFileType = sourcecode.swift; path = LeaderboardEntry.swift; sourceTree = "<group>"; };
		E80000002D4A000000000000 /* ReelRoyale.app */ = {isa = PBXFileReference; explicitFileType = wrapper.application; includeInIndex = 0; path = ReelRoyale.app; sourceTree = BUILT_PRODUCTS_DIR; };
		E80000002D4A000000000001 /* ReelRoyaleApp.swift */ = {isa = PBXFileReference; lastKnownFileType = sourcecode.swift; path = ReelRoyaleApp.swift; sourceTree = "<group>"; };
		E80000002D4A000000000002 /* ContentView.swift */ = {isa = PBXFileReference; lastKnownFileType = sourcecode.swift; path = ContentView.swift; sourceTree = "<group>"; };
		E80000002D4A000000000003 /* Assets.xcassets */ = {isa = PBXFileReference; lastKnownFileType = folder.assetcatalog; path = Assets.xcassets; sourceTree = "<group>"; };
		E80000002D4A000000000101 /* User.swift */ = {isa = PBXFileReference; lastKnownFileType = sourcecode.swift; path = User.swift; sourceTree = "<group>"; };
		E80000002D4A000000000102 /* Spot.swift */ = {isa = PBXFileReference; lastKnownFileType = sourcecode.swift; path = Spot.swift; sourceTree = "<group>"; };
		E80000002D4A000000000103 /* Catch.swift */ = {isa = PBXFileReference; lastKnownFileType = sourcecode.swift; path = Catch.swift; sourceTree = "<group>"; };
		E80000002D4A000000000104 /* Territory.swift */ = {isa = PBXFileReference; lastKnownFileType = sourcecode.swift; path = Territory.swift; sourceTree = "<group>"; };
		E80000002D4A000000000105 /* Like.swift */ = {isa = PBXFileReference; lastKnownFileType = sourcecode.swift; path = Like.swift; sourceTree = "<group>"; };
		E80000002D4A000000000106 /* WeatherConditions.swift */ = {isa = PBXFileReference; lastKnownFileType = sourcecode.swift; path = WeatherConditions.swift; sourceTree = "<group>"; };
		E80000002D4A000000000107 /* RegulationInfo.swift */ = {isa = PBXFileReference; lastKnownFileType = sourcecode.swift; path = RegulationInfo.swift; sourceTree = "<group>"; };
		E80000002D4A000000000201 /* SupabaseService.swift */ = {isa = PBXFileReference; lastKnownFileType = sourcecode.swift; path = SupabaseService.swift; sourceTree = "<group>"; };
		E80000002D4A000000000202 /* AuthService.swift */ = {isa = PBXFileReference; lastKnownFileType = sourcecode.swift; path = AuthService.swift; sourceTree = "<group>"; };
		E80000002D4A000000000203 /* WeatherService.swift */ = {isa = PBXFileReference; lastKnownFileType = sourcecode.swift; path = WeatherService.swift; sourceTree = "<group>"; };
		E80000002D4A000000000204 /* RegulationsService.swift */ = {isa = PBXFileReference; lastKnownFileType = sourcecode.swift; path = RegulationsService.swift; sourceTree = "<group>"; };
		E80000002D4A000000000205 /* FishIDService.swift */ = {isa = PBXFileReference; lastKnownFileType = sourcecode.swift; path = FishIDService.swift; sourceTree = "<group>"; };
		E80000002D4A000000000206 /* MeasurementService.swift */ = {isa = PBXFileReference; lastKnownFileType = sourcecode.swift; path = MeasurementService.swift; sourceTree = "<group>"; };
		E80000002D4A000000000207 /* GameService.swift */ = {isa = PBXFileReference; lastKnownFileType = sourcecode.swift; path = GameService.swift; sourceTree = "<group>"; };
		E80000002D4A000000000208 /* ImageUploadService.swift */ = {isa = PBXFileReference; lastKnownFileType = sourcecode.swift; path = ImageUploadService.swift; sourceTree = "<group>"; };
		E80000002D4A000000000301 /* UserRepository.swift */ = {isa = PBXFileReference; lastKnownFileType = sourcecode.swift; path = UserRepository.swift; sourceTree = "<group>"; };
		E80000002D4A000000000302 /* SpotRepository.swift */ = {isa = PBXFileReference; lastKnownFileType = sourcecode.swift; path = SpotRepository.swift; sourceTree = "<group>"; };
		E80000002D4A000000000303 /* CatchRepository.swift */ = {isa = PBXFileReference; lastKnownFileType = sourcecode.swift; path = CatchRepository.swift; sourceTree = "<group>"; };
		E80000002D4A000000000304 /* TerritoryRepository.swift */ = {isa = PBXFileReference; lastKnownFileType = sourcecode.swift; path = TerritoryRepository.swift; sourceTree = "<group>"; };
		E80000002D4A000000000305 /* LikeRepository.swift */ = {isa = PBXFileReference; lastKnownFileType = sourcecode.swift; path = LikeRepository.swift; sourceTree = "<group>"; };
		E80000002D4A000000000401 /* AuthViewModel.swift */ = {isa = PBXFileReference; lastKnownFileType = sourcecode.swift; path = AuthViewModel.swift; sourceTree = "<group>"; };
		E80000002D4A000000000402 /* SpotsViewModel.swift */ = {isa = PBXFileReference; lastKnownFileType = sourcecode.swift; path = SpotsViewModel.swift; sourceTree = "<group>"; };
		E80000002D4A000000000403 /* SpotDetailViewModel.swift */ = {isa = PBXFileReference; lastKnownFileType = sourcecode.swift; path = SpotDetailViewModel.swift; sourceTree = "<group>"; };
		E80000002D4A000000000404 /* LogCatchViewModel.swift */ = {isa = PBXFileReference; lastKnownFileType = sourcecode.swift; path = LogCatchViewModel.swift; sourceTree = "<group>"; };
		E80000002D4A000000000405 /* CommunityViewModel.swift */ = {isa = PBXFileReference; lastKnownFileType = sourcecode.swift; path = CommunityViewModel.swift; sourceTree = "<group>"; };
		E80000002D4A000000000406 /* ProfileViewModel.swift */ = {isa = PBXFileReference; lastKnownFileType = sourcecode.swift; path = ProfileViewModel.swift; sourceTree = "<group>"; };
		E80000002D4A000000000407 /* FishIDViewModel.swift */ = {isa = PBXFileReference; lastKnownFileType = sourcecode.swift; path = FishIDViewModel.swift; sourceTree = "<group>"; };
		E80000002D4A000000000408 /* MeasurementViewModel.swift */ = {isa = PBXFileReference; lastKnownFileType = sourcecode.swift; path = MeasurementViewModel.swift; sourceTree = "<group>"; };
		E80000002D4A000000000501 /* MainTabView.swift */ = {isa = PBXFileReference; lastKnownFileType = sourcecode.swift; path = MainTabView.swift; sourceTree = "<group>"; };
		E80000002D4A000000000502 /* AuthView.swift */ = {isa = PBXFileReference; lastKnownFileType = sourcecode.swift; path = AuthView.swift; sourceTree = "<group>"; };
		E80000002D4A000000000503 /* LoginView.swift */ = {isa = PBXFileReference; lastKnownFileType = sourcecode.swift; path = LoginView.swift; sourceTree = "<group>"; };
		E80000002D4A000000000504 /* SignUpView.swift */ = {isa = PBXFileReference; lastKnownFileType = sourcecode.swift; path = SignUpView.swift; sourceTree = "<group>"; };
		E80000002D4A000000000505 /* ProfileSetupView.swift */ = {isa = PBXFileReference; lastKnownFileType = sourcecode.swift; path = ProfileSetupView.swift; sourceTree = "<group>"; };
		E80000002D4A000000000506 /* SpotsView.swift */ = {isa = PBXFileReference; lastKnownFileType = sourcecode.swift; path = SpotsView.swift; sourceTree = "<group>"; };
		E80000002D4A000000000507 /* SpotMapView.swift */ = {isa = PBXFileReference; lastKnownFileType = sourcecode.swift; path = SpotMapView.swift; sourceTree = "<group>"; };
		E80000002D4A000000000508 /* SpotListView.swift */ = {isa = PBXFileReference; lastKnownFileType = sourcecode.swift; path = SpotListView.swift; sourceTree = "<group>"; };
		E80000002D4A000000000509 /* SpotRowView.swift */ = {isa = PBXFileReference; lastKnownFileType = sourcecode.swift; path = SpotRowView.swift; sourceTree = "<group>"; };
		E80000002D4A000000000510 /* SpotDetailView.swift */ = {isa = PBXFileReference; lastKnownFileType = sourcecode.swift; path = SpotDetailView.swift; sourceTree = "<group>"; };
		E80000002D4A000000000511 /* CommunityView.swift */ = {isa = PBXFileReference; lastKnownFileType = sourcecode.swift; path = CommunityView.swift; sourceTree = "<group>"; };
		E80000002D4A000000000512 /* FeedItemView.swift */ = {isa = PBXFileReference; lastKnownFileType = sourcecode.swift; path = FeedItemView.swift; sourceTree = "<group>"; };
		E80000002D4A000000000513 /* ProfileView.swift */ = {isa = PBXFileReference; lastKnownFileType = sourcecode.swift; path = ProfileView.swift; sourceTree = "<group>"; };
		E80000002D4A000000000514 /* CatchLogView.swift */ = {isa = PBXFileReference; lastKnownFileType = sourcecode.swift; path = CatchLogView.swift; sourceTree = "<group>"; };
		E80000002D4A000000000515 /* LogCatchView.swift */ = {isa = PBXFileReference; lastKnownFileType = sourcecode.swift; path = LogCatchView.swift; sourceTree = "<group>"; };
		E80000002D4A000000000516 /* CatchDetailView.swift */ = {isa = PBXFileReference; lastKnownFileType = sourcecode.swift; path = CatchDetailView.swift; sourceTree = "<group>"; };
		E80000002D4A000000000517 /* MeasurementView.swift */ = {isa = PBXFileReference; lastKnownFileType = sourcecode.swift; path = MeasurementView.swift; sourceTree = "<group>"; };
		E80000002D4A000000000518 /* MoreView.swift */ = {isa = PBXFileReference; lastKnownFileType = sourcecode.swift; path = MoreView.swift; sourceTree = "<group>"; };
		E80000002D4A000000000519 /* FishIDView.swift */ = {isa = PBXFileReference; lastKnownFileType = sourcecode.swift; path = FishIDView.swift; sourceTree = "<group>"; };
		E80000002D4A000000000520 /* RegulationsView.swift */ = {isa = PBXFileReference; lastKnownFileType = sourcecode.swift; path = RegulationsView.swift; sourceTree = "<group>"; };
		E80000002D4A000000000521 /* CrownBadge.swift */ = {isa = PBXFileReference; lastKnownFileType = sourcecode.swift; path = CrownBadge.swift; sourceTree = "<group>"; };
		E80000002D4A000000000522 /* UserAvatarView.swift */ = {isa = PBXFileReference; lastKnownFileType = sourcecode.swift; path = UserAvatarView.swift; sourceTree = "<group>"; };
		E80000002D4A000000000523 /* CatchThumbnail.swift */ = {isa = PBXFileReference; lastKnownFileType = sourcecode.swift; path = CatchThumbnail.swift; sourceTree = "<group>"; };
		E80000002D4A000000000524 /* LoadingView.swift */ = {isa = PBXFileReference; lastKnownFileType = sourcecode.swift; path = LoadingView.swift; sourceTree = "<group>"; };
		E80000002D4A000000000601 /* Extensions.swift */ = {isa = PBXFileReference; lastKnownFileType = sourcecode.swift; path = Extensions.swift; sourceTree = "<group>"; };
		E80000002D4A000000000602 /* Constants.swift */ = {isa = PBXFileReference; lastKnownFileType = sourcecode.swift; path = Constants.swift; sourceTree = "<group>"; };
		E80000002D4A000000000603 /* AppState.swift */ = {isa = PBXFileReference; lastKnownFileType = sourcecode.swift; path = AppState.swift; sourceTree = "<group>"; };
		E80000002D4A000000000604 /* LeaderboardView.swift */ = {isa = PBXFileReference; lastKnownFileType = sourcecode.swift; path = LeaderboardView.swift; sourceTree = "<group>"; };
		E80000002D4A000000000605 /* TerritoryView.swift */ = {isa = PBXFileReference; lastKnownFileType = sourcecode.swift; path = TerritoryView.swift; sourceTree = "<group>"; };
		E80000002D4A000000000606 /* SpotPickerView.swift */ = {isa = PBXFileReference; lastKnownFileType = sourcecode.swift; path = SpotPickerView.swift; sourceTree = "<group>"; };
		E80000002D4A000000000607 /* ImagePicker.swift */ = {isa = PBXFileReference; lastKnownFileType = sourcecode.swift; path = ImagePicker.swift; sourceTree = "<group>"; };
		E80000002D4A000000000608 /* ARMeasurementView.swift */ = {isa = PBXFileReference; lastKnownFileType = sourcecode.swift; path = ARMeasurementView.swift; sourceTree = "<group>"; };
		EB3F7DEA2A7FB52D2563C729 /* Bounty.swift */ = {isa = PBXFileReference; includeInIndex = 1; lastKnownFileType = sourcecode.swift; path = Bounty.swift; sourceTree = "<group>"; };
		F312671D10AADFBC83978561 /* DethroneTickerItem.swift */ = {isa = PBXFileReference; includeInIndex = 1; lastKnownFileType = sourcecode.swift; path = DethroneTickerItem.swift; sourceTree = "<group>"; };
		F8D1F0E73FF4132113F5BD82 /* PirateButton.swift */ = {isa = PBXFileReference; includeInIndex = 1; lastKnownFileType = sourcecode.swift; path = PirateButton.swift; sourceTree = "<group>"; };
		FFBB6B6E8049AB4D6EB1D0DA /* BountyService.swift */ = {isa = PBXFileReference; includeInIndex = 1; lastKnownFileType = sourcecode.swift; path = BountyService.swift; sourceTree = "<group>"; };
/* End PBXFileReference section */

/* Begin PBXFrameworksBuildPhase section */
		E8000000FWBP00000001 /* Frameworks */ = {
			isa = PBXFrameworksBuildPhase;
			buildActionMask = 2147483647;
			files = (
			);
			runOnlyForDeploymentPostprocessing = 0;
		};
/* End PBXFrameworksBuildPhase section */

/* Begin PBXGroup section */
		9C86AB8CCB7A82A2F9D32E15 /* Theme */ = {
			isa = PBXGroup;
			children = (
				18452E73E53B22D1303444DF /* ReelThemeColors.swift */,
				71E6C2A807D88BF89EDC2761 /* ReelThemeTypography.swift */,
				A9F3A5B0DD075B883DDA7C55 /* ReelThemeSpacing.swift */,
				48EE8DC5FAC6D4BEC0C8DAC9 /* ReelThemeRadius.swift */,
				2221DD970EE3B2A3EA30705F /* ReelThemeShadow.swift */,
				287273BDEE3813F3DCEB3DC8 /* ReelThemeMotion.swift */,
				DFE5713A395D888E28F52510 /* ReelTheme.swift */,
			);
			name = Theme;
			path = Theme;
			sourceTree = "<group>";
		};
		CE038E3C15B5FE478402AF74 /* Shell */ = {
			isa = PBXGroup;
			children = (
				6CC6BE7B8EDA16447CA54ABE /* CenterFAB.swift */,
				E4DD33DBB2DB3301BC9FCB27 /* TabBarShell.swift */,
			);
			name = Shell;
			path = Shell;
			sourceTree = "<group>";
		};
		CFBFD96622B0A2D4B7F8268A /* Home */ = {
			isa = PBXGroup;
			children = (
				16E707CDF54D3B279A0EA24D /* HomeView.swift */,
				08D4F2BDC956E42CE3610EB1 /* PodiumHeroSection.swift */,
				5F3AF490E1BA6A741C52A775 /* TodaysBountySection.swift */,
				0DF8D5394B17B562501CD7C0 /* CatchPathStrip.swift */,
				A04A7CBDC874CFC9A3D2DDEE /* MapPreviewCard.swift */,
				D0BAA2254751F0B11D13FC6C /* YourCrownsSection.swift */,
				1C049D6D01397125FBE10CDC /* DethroneTickerSection.swift */,
				50F8FF68F4E131CA47FCD0F6 /* FeatureCTAGrid.swift */,
			);
			name = Home;
			path = Home;
			sourceTree = "<group>";
		};
		E80000002D4AAUTH00000000 /* Auth */ = {
			isa = PBXGroup;
			children = (
				E80000002D4A000000000502 /* AuthView.swift */,
				E80000002D4A000000000503 /* LoginView.swift */,
				E80000002D4A000000000504 /* SignUpView.swift */,
				E80000002D4A000000000505 /* ProfileSetupView.swift */,
			);
			path = Auth;
			sourceTree = "<group>";
		};
		E80000002D4ACMPS00000000 /* Components */ = {
			isa = PBXGroup;
			children = (
				E80000002D4A000000000521 /* CrownBadge.swift */,
				E80000002D4A000000000522 /* UserAvatarView.swift */,
				E80000002D4A000000000523 /* CatchThumbnail.swift */,
				E80000002D4A000000000524 /* LoadingView.swift */,
				F8D1F0E73FF4132113F5BD82 /* PirateButton.swift */,
				C895A69941AF58A51234E748 /* GhostButton.swift */,
				E1FFE8DE975CD4E5CB2D665D /* IconButton.swift */,
				C5EDE258AB68E6CF6363ED43 /* TierEmblem.swift */,
				0F447813F99A9C900BCD1BE5 /* DoubloonChip.swift */,
				34E1754D278BF1E6DADF982E /* ShipAvatar.swift */,
				5DFA9B0276A511E8C5F2BB74 /* IdentityHeader.swift */,
				365CC4BCCFAED854E99BC364 /* SectionHeader.swift */,
				4AD26DCF9DEC57D8F9E5E693 /* PodiumCard.swift */,
				0D78967EB03B7E97AC5B6D41 /* BountyCard.swift */,
				F312671D10AADFBC83978561 /* DethroneTickerItem.swift */,
			);
			path = Components;
			sourceTree = "<group>";
		};
		E80000002D4ACOMM00000000 /* Community */ = {
			isa = PBXGroup;
			children = (
				E80000002D4A000000000511 /* CommunityView.swift */,
				E80000002D4A000000000512 /* FeedItemView.swift */,
			);
			path = Community;
			sourceTree = "<group>";
		};
		E80000002D4ACTCH00000000 /* Catch */ = {
			isa = PBXGroup;
			children = (
				E80000002D4A000000000515 /* LogCatchView.swift */,
				E80000002D4A000000000516 /* CatchDetailView.swift */,
				E80000002D4A000000000517 /* MeasurementView.swift */,
				E80000002D4A000000000606 /* SpotPickerView.swift */,
				E80000002D4A000000000607 /* ImagePicker.swift */,
				E80000002D4A000000000608 /* ARMeasurementView.swift */,
			);
			path = Catch;
			sourceTree = "<group>";
		};
		E80000002D4AMAIN00000000 /* ReelRoyale */ = {
			isa = PBXGroup;
			children = (
				E80000002D4A000000000001 /* ReelRoyaleApp.swift */,
				E80000002D4A000000000002 /* ContentView.swift */,
				E80000002D4A000000000003 /* Assets.xcassets */,
				E80000002D4AMODL00000000 /* Models */,
				E80000002D4ASRVC00000000 /* Services */,
				E80000002D4AREPO00000000 /* Repositories */,
				E80000002D4AVMDL00000000 /* ViewModels */,
				E80000002D4AVIWS00000000 /* Views */,
				E80000002D4AUTLS00000000 /* Utilities */,
				9C86AB8CCB7A82A2F9D32E15 /* Theme */,
			);
			path = ReelRoyale;
			sourceTree = "<group>";
		};
		E80000002D4AMODL00000000 /* Models */ = {
			isa = PBXGroup;
			children = (
				E80000002D4A000000000101 /* User.swift */,
				E80000002D4A000000000102 /* Spot.swift */,
				E80000002D4A000000000103 /* Catch.swift */,
				E80000002D4A000000000104 /* Territory.swift */,
				E80000002D4A000000000105 /* Like.swift */,
				E80000002D4A000000000106 /* WeatherConditions.swift */,
				E80000002D4A000000000107 /* RegulationInfo.swift */,
				EB3F7DEA2A7FB52D2563C729 /* Bounty.swift */,
				02D07A8DDA02E4061F6E32A7 /* DethroneEvent.swift */,
				E7E77AA35E641EEA25B1912F /* LeaderboardEntry.swift */,
			);
			path = Models;
			sourceTree = "<group>";
		};
		E80000002D4AMORE00000000 /* More */ = {
			isa = PBXGroup;
			children = (
				E80000002D4A000000000518 /* MoreView.swift */,
				E80000002D4A000000000519 /* FishIDView.swift */,
				E80000002D4A000000000520 /* RegulationsView.swift */,
			);
			path = More;
			sourceTree = "<group>";
		};
		E80000002D4APROD00000000 /* Products */ = {
			isa = PBXGroup;
			children = (
				E80000002D4A000000000000 /* ReelRoyale.app */,
			);
			name = Products;
			sourceTree = "<group>";
		};
		E80000002D4APROF00000000 /* Profile */ = {
			isa = PBXGroup;
			children = (
				E80000002D4A000000000513 /* ProfileView.swift */,
				E80000002D4A000000000514 /* CatchLogView.swift */,
			);
			path = Profile;
			sourceTree = "<group>";
		};
		E80000002D4AREPO00000000 /* Repositories */ = {
			isa = PBXGroup;
			children = (
				E80000002D4A000000000301 /* UserRepository.swift */,
				E80000002D4A000000000302 /* SpotRepository.swift */,
				E80000002D4A000000000303 /* CatchRepository.swift */,
				E80000002D4A000000000304 /* TerritoryRepository.swift */,
				E80000002D4A000000000305 /* LikeRepository.swift */,
			);
			path = Repositories;
			sourceTree = "<group>";
		};
		E80000002D4AROOT00000000 = {
			isa = PBXGroup;
			children = (
				E80000002D4AMAIN00000000 /* ReelRoyale */,
				E80000002D4APROD00000000 /* Products */,
			);
			sourceTree = "<group>";
		};
		E80000002D4ASPTS00000000 /* Spots */ = {
			isa = PBXGroup;
			children = (
				E80000002D4A000000000506 /* SpotsView.swift */,
				E80000002D4A000000000507 /* SpotMapView.swift */,
				E80000002D4A000000000508 /* SpotListView.swift */,
				E80000002D4A000000000509 /* SpotRowView.swift */,
				E80000002D4A000000000510 /* SpotDetailView.swift */,
				E80000002D4A000000000604 /* LeaderboardView.swift */,
				E80000002D4A000000000605 /* TerritoryView.swift */,
			);
			path = Spots;
			sourceTree = "<group>";
		};
		E80000002D4ASRVC00000000 /* Services */ = {
			isa = PBXGroup;
			children = (
				E80000002D4A000000000201 /* SupabaseService.swift */,
				E80000002D4A000000000202 /* AuthService.swift */,
				E80000002D4A000000000203 /* WeatherService.swift */,
				E80000002D4A000000000204 /* RegulationsService.swift */,
				E80000002D4A000000000205 /* FishIDService.swift */,
				E80000002D4A000000000206 /* MeasurementService.swift */,
				E80000002D4A000000000207 /* GameService.swift */,
				E80000002D4A000000000208 /* ImageUploadService.swift */,
				04E65698B7177216E9CC87B5 /* HapticsService.swift */,
				64252B70A9728B51E43022C8 /* SoundService.swift */,
				FFBB6B6E8049AB4D6EB1D0DA /* BountyService.swift */,
				C5C9DB28B5EC3CC777B83C92 /* DethroneEventService.swift */,
				ABCA4624AC4F8BAF591DCDD3 /* LeaderboardService.swift */,
			);
			path = Services;
			sourceTree = "<group>";
		};
		E80000002D4AUTLS00000000 /* Utilities */ = {
			isa = PBXGroup;
			children = (
				E80000002D4A000000000601 /* Extensions.swift */,
				E80000002D4A000000000602 /* Constants.swift */,
				E80000002D4A000000000603 /* AppState.swift */,
			);
			path = Utilities;
			sourceTree = "<group>";
		};
		E80000002D4AVIWS00000000 /* Views */ = {
			isa = PBXGroup;
			children = (
				E80000002D4A000000000501 /* MainTabView.swift */,
				E80000002D4AAUTH00000000 /* Auth */,
				E80000002D4ASPTS00000000 /* Spots */,
				E80000002D4ACOMM00000000 /* Community */,
				E80000002D4APROF00000000 /* Profile */,
				E80000002D4ACTCH00000000 /* Catch */,
				E80000002D4AMORE00000000 /* More */,
				E80000002D4ACMPS00000000 /* Components */,
				CE038E3C15B5FE478402AF74 /* Shell */,
				CFBFD96622B0A2D4B7F8268A /* Home */,
			);
			path = Views;
			sourceTree = "<group>";
		};
		E80000002D4AVMDL00000000 /* ViewModels */ = {
			isa = PBXGroup;
			children = (
				E80000002D4A000000000401 /* AuthViewModel.swift */,
				E80000002D4A000000000402 /* SpotsViewModel.swift */,
				E80000002D4A000000000403 /* SpotDetailViewModel.swift */,
				E80000002D4A000000000404 /* LogCatchViewModel.swift */,
				E80000002D4A000000000405 /* CommunityViewModel.swift */,
				E80000002D4A000000000406 /* ProfileViewModel.swift */,
				E80000002D4A000000000407 /* FishIDViewModel.swift */,
				E80000002D4A000000000408 /* MeasurementViewModel.swift */,
				0A17D04535DD6D0A442B2C4F /* HomeViewModel.swift */,
			);
			path = ViewModels;
			sourceTree = "<group>";
		};
/* End PBXGroup section */

/* Begin PBXNativeTarget section */
		E80000002D4ATARG00000001 /* ReelRoyale */ = {
			isa = PBXNativeTarget;
			buildConfigurationList = E80000002D4ABCFG00000001 /* Build configuration list for PBXNativeTarget "ReelRoyale" */;
			buildPhases = (
				E80000002D4ASRCS00000001 /* Sources */,
				E8000000FWBP00000001 /* Frameworks */,
				E80000002D4ARESC00000001 /* Resources */,
			);
			buildRules = (
			);
			dependencies = (
			);
			name = ReelRoyale;
			packageProductDependencies = (
				E80000002D4APKGD00000001 /* Supabase */,
			);
			productName = ReelRoyale;
			productReference = E80000002D4A000000000000 /* ReelRoyale.app */;
			productType = "com.apple.product-type.application";
		};
/* End PBXNativeTarget section */

/* Begin PBXProject section */
		E80000002D4APROJ00000001 /* Project object */ = {
			isa = PBXProject;
			attributes = {
				BuildIndependentTargetsInParallel = 1;
				LastSwiftUpdateCheck = 1500;
				LastUpgradeCheck = 1500;
				TargetAttributes = {
					E80000002D4ATARG00000001 = {
						CreatedOnToolsVersion = 15.0;
					};
				};
			};
			buildConfigurationList = E80000002D4ABCFG00000002 /* Build configuration list for PBXProject "ReelRoyale" */;
			compatibilityVersion = "Xcode 14.0";
			developmentRegion = en;
			hasScannedForEncodings = 0;
			knownRegions = (
				en,
				Base,
			);
			mainGroup = E80000002D4AROOT00000000;
			packageReferences = (
				E80000002D4APKGR00000001 /* XCRemoteSwiftPackageReference "supabase-swift" */,
			);
			productRefGroup = E80000002D4APROD00000000 /* Products */;
			projectDirPath = "";
			projectRoot = "";
			targets = (
				E80000002D4ATARG00000001 /* ReelRoyale */,
			);
		};
/* End PBXProject section */

/* Begin PBXResourcesBuildPhase section */
		E80000002D4ARESC00000001 /* Resources */ = {
			isa = PBXResourcesBuildPhase;
			buildActionMask = 2147483647;
			files = (
				E80000012D4A000000000003 /* Assets.xcassets in Resources */,
			);
			runOnlyForDeploymentPostprocessing = 0;
		};
/* End PBXResourcesBuildPhase section */

/* Begin PBXSourcesBuildPhase section */
		E80000002D4ASRCS00000001 /* Sources */ = {
			isa = PBXSourcesBuildPhase;
			buildActionMask = 2147483647;
			files = (
				E80000012D4A000000000001 /* ReelRoyaleApp.swift in Sources */,
				E80000012D4A000000000002 /* ContentView.swift in Sources */,
				E80000012D4A000000000101 /* User.swift in Sources */,
				E80000012D4A000000000102 /* Spot.swift in Sources */,
				E80000012D4A000000000103 /* Catch.swift in Sources */,
				E80000012D4A000000000104 /* Territory.swift in Sources */,
				E80000012D4A000000000105 /* Like.swift in Sources */,
				E80000012D4A000000000106 /* WeatherConditions.swift in Sources */,
				E80000012D4A000000000107 /* RegulationInfo.swift in Sources */,
				E80000012D4A000000000201 /* SupabaseService.swift in Sources */,
				E80000012D4A000000000202 /* AuthService.swift in Sources */,
				E80000012D4A000000000203 /* WeatherService.swift in Sources */,
				E80000012D4A000000000204 /* RegulationsService.swift in Sources */,
				E80000012D4A000000000205 /* FishIDService.swift in Sources */,
				E80000012D4A000000000206 /* MeasurementService.swift in Sources */,
				E80000012D4A000000000207 /* GameService.swift in Sources */,
				E80000012D4A000000000208 /* ImageUploadService.swift in Sources */,
				E80000012D4A000000000301 /* UserRepository.swift in Sources */,
				E80000012D4A000000000302 /* SpotRepository.swift in Sources */,
				E80000012D4A000000000303 /* CatchRepository.swift in Sources */,
				E80000012D4A000000000304 /* TerritoryRepository.swift in Sources */,
				E80000012D4A000000000305 /* LikeRepository.swift in Sources */,
				E80000012D4A000000000401 /* AuthViewModel.swift in Sources */,
				E80000012D4A000000000402 /* SpotsViewModel.swift in Sources */,
				E80000012D4A000000000403 /* SpotDetailViewModel.swift in Sources */,
				E80000012D4A000000000404 /* LogCatchViewModel.swift in Sources */,
				E80000012D4A000000000405 /* CommunityViewModel.swift in Sources */,
				E80000012D4A000000000406 /* ProfileViewModel.swift in Sources */,
				E80000012D4A000000000407 /* FishIDViewModel.swift in Sources */,
				E80000012D4A000000000408 /* MeasurementViewModel.swift in Sources */,
				E80000012D4A000000000501 /* MainTabView.swift in Sources */,
				E80000012D4A000000000502 /* AuthView.swift in Sources */,
				E80000012D4A000000000503 /* LoginView.swift in Sources */,
				E80000012D4A000000000504 /* SignUpView.swift in Sources */,
				E80000012D4A000000000505 /* ProfileSetupView.swift in Sources */,
				E80000012D4A000000000506 /* SpotsView.swift in Sources */,
				E80000012D4A000000000507 /* SpotMapView.swift in Sources */,
				E80000012D4A000000000508 /* SpotListView.swift in Sources */,
				E80000012D4A000000000509 /* SpotRowView.swift in Sources */,
				E80000012D4A000000000510 /* SpotDetailView.swift in Sources */,
				E80000012D4A000000000511 /* CommunityView.swift in Sources */,
				E80000012D4A000000000512 /* FeedItemView.swift in Sources */,
				E80000012D4A000000000513 /* ProfileView.swift in Sources */,
				E80000012D4A000000000514 /* CatchLogView.swift in Sources */,
				E80000012D4A000000000515 /* LogCatchView.swift in Sources */,
				E80000012D4A000000000516 /* CatchDetailView.swift in Sources */,
				E80000012D4A000000000517 /* MeasurementView.swift in Sources */,
				E80000012D4A000000000518 /* MoreView.swift in Sources */,
				E80000012D4A000000000519 /* FishIDView.swift in Sources */,
				E80000012D4A000000000520 /* RegulationsView.swift in Sources */,
				E80000012D4A000000000521 /* CrownBadge.swift in Sources */,
				E80000012D4A000000000522 /* UserAvatarView.swift in Sources */,
				E80000012D4A000000000523 /* CatchThumbnail.swift in Sources */,
				E80000012D4A000000000524 /* LoadingView.swift in Sources */,
				E80000012D4A000000000601 /* Extensions.swift in Sources */,
				E80000012D4A000000000602 /* Constants.swift in Sources */,
				E80000012D4A000000000603 /* AppState.swift in Sources */,
				E80000012D4A000000000604 /* LeaderboardView.swift in Sources */,
				E80000012D4A000000000605 /* TerritoryView.swift in Sources */,
				E80000012D4A000000000606 /* SpotPickerView.swift in Sources */,
				E80000012D4A000000000607 /* ImagePicker.swift in Sources */,
				E80000012D4A000000000608 /* ARMeasurementView.swift in Sources */,
				F3A61126642828BD2E14EBB0 /* ReelThemeColors.swift in Sources */,
				CC308A6E57730796E052F329 /* ReelThemeTypography.swift in Sources */,
				DE8302ED2F1C4DE8D4A50E39 /* ReelThemeSpacing.swift in Sources */,
				566A9D36905D9A2FC46A4102 /* ReelThemeRadius.swift in Sources */,
				03E3F0A2C4AC215403A57B71 /* ReelThemeShadow.swift in Sources */,
				1D07C88D108F20EAD24645B7 /* ReelThemeMotion.swift in Sources */,
				28C6BE23694C7B6FEEB2E4F0 /* ReelTheme.swift in Sources */,
				56BBB612D2B71CB2870A1D40 /* HapticsService.swift in Sources */,
				1CA28FCF15155DAEFCCE39CB /* SoundService.swift in Sources */,
				87D96A82EF8F5074EEFA0BFA /* PirateButton.swift in Sources */,
				DF27C279AEAFB714371C7E7E /* GhostButton.swift in Sources */,
				ACE2EE27E4208F06C786C787 /* IconButton.swift in Sources */,
				2172FDED881372D2CB743AB2 /* TierEmblem.swift in Sources */,
				EA03E871A779E28EBDA771A3 /* DoubloonChip.swift in Sources */,
				7BAB86367D1AE648E3BFAC2A /* ShipAvatar.swift in Sources */,
				6130308C5DDDA9C1FEFDB1A9 /* IdentityHeader.swift in Sources */,
				CEFF4A28A6B2EC6EC774E95E /* CenterFAB.swift in Sources */,
				9CA6C27B1CBA582B6923A107 /* TabBarShell.swift in Sources */,
				C7228579AD11231A7B72DCCC /* Bounty.swift in Sources */,
				02A400E07177BC9868797610 /* DethroneEvent.swift in Sources */,
				6FC89755E3EF470A253C5EE4 /* LeaderboardEntry.swift in Sources */,
				88FDFB0E1CD5770E380F89A3 /* BountyService.swift in Sources */,
				8729693B32CB9B0AD6D434F7 /* DethroneEventService.swift in Sources */,
				6D43081AE6015C2A8E65BE9B /* LeaderboardService.swift in Sources */,
				D2FB7625851E73D70284CF36 /* HomeViewModel.swift in Sources */,
				7B9D87FFF40A990503AA698B /* SectionHeader.swift in Sources */,
				7DBCC4230234F501FE89CE9B /* PodiumCard.swift in Sources */,
				B2B52C4D57F692980C222A70 /* BountyCard.swift in Sources */,
				BE63E05A284601B0B8F8D4A8 /* DethroneTickerItem.swift in Sources */,
				DBE5D8C52E7CD2D1BFFFEC3E /* HomeView.swift in Sources */,
				278C47865446B41E4052DDE4 /* PodiumHeroSection.swift in Sources */,
				EAB1DFE9F343AEDF5B1E32D7 /* TodaysBountySection.swift in Sources */,
				81A071859E7D8033E4493E82 /* CatchPathStrip.swift in Sources */,
				3C1D02D8B11173052BB7DA7F /* MapPreviewCard.swift in Sources */,
				CC3CC3FF6DAE768C2CCF287D /* YourCrownsSection.swift in Sources */,
				58698F9B1B110FEE6B2EC2E1 /* DethroneTickerSection.swift in Sources */,
				7D6C92B7B1890872A21EBF30 /* FeatureCTAGrid.swift in Sources */,
			);
			runOnlyForDeploymentPostprocessing = 0;
		};
/* End PBXSourcesBuildPhase section */

/* Begin XCBuildConfiguration section */
		E80000002D4ABCFG00000003 /* Debug */ = {
			isa = XCBuildConfiguration;
			buildSettings = {
				ALWAYS_SEARCH_USER_PATHS = NO;
				ASSETCATALOG_COMPILER_GENERATE_SWIFT_ASSET_SYMBOL_EXTENSIONS = YES;
				CLANG_ANALYZER_NONNULL = YES;
				CLANG_ANALYZER_NUMBER_OBJECT_CONVERSION = YES_AGGRESSIVE;
				CLANG_CXX_LANGUAGE_STANDARD = "gnu++20";
				CLANG_ENABLE_MODULES = YES;
				CLANG_ENABLE_OBJC_ARC = YES;
				CLANG_ENABLE_OBJC_WEAK = YES;
				CLANG_WARN_BLOCK_CAPTURE_AUTORELEASING = YES;
				CLANG_WARN_BOOL_CONVERSION = YES;
				CLANG_WARN_COMMA = YES;
				CLANG_WARN_CONSTANT_CONVERSION = YES;
				CLANG_WARN_DEPRECATED_OBJC_IMPLEMENTATIONS = YES;
				CLANG_WARN_DIRECT_OBJC_ISA_USAGE = YES_ERROR;
				CLANG_WARN_DOCUMENTATION_COMMENTS = YES;
				CLANG_WARN_EMPTY_BODY = YES;
				CLANG_WARN_ENUM_CONVERSION = YES;
				CLANG_WARN_INFINITE_RECURSION = YES;
				CLANG_WARN_INT_CONVERSION = YES;
				CLANG_WARN_NON_LITERAL_NULL_CONVERSION = YES;
				CLANG_WARN_OBJC_IMPLICIT_RETAIN_SELF = YES;
				CLANG_WARN_OBJC_LITERAL_CONVERSION = YES;
				CLANG_WARN_OBJC_ROOT_CLASS = YES_ERROR;
				CLANG_WARN_QUOTED_INCLUDE_IN_FRAMEWORK_HEADER = YES;
				CLANG_WARN_RANGE_LOOP_ANALYSIS = YES;
				CLANG_WARN_STRICT_PROTOTYPES = YES;
				CLANG_WARN_SUSPICIOUS_MOVE = YES;
				CLANG_WARN_UNGUARDED_AVAILABILITY = YES_AGGRESSIVE;
				CLANG_WARN_UNREACHABLE_CODE = YES;
				CLANG_WARN__DUPLICATE_METHOD_MATCH = YES;
				COPY_PHASE_STRIP = NO;
				DEBUG_INFORMATION_FORMAT = dwarf;
				ENABLE_STRICT_OBJC_MSGSEND = YES;
				ENABLE_TESTABILITY = YES;
				ENABLE_USER_SCRIPT_SANDBOXING = YES;
				GCC_C_LANGUAGE_STANDARD = gnu17;
				GCC_DYNAMIC_NO_PIC = NO;
				GCC_NO_COMMON_BLOCKS = YES;
				GCC_OPTIMIZATION_LEVEL = 0;
				GCC_PREPROCESSOR_DEFINITIONS = (
					"DEBUG=1",
					"$(inherited)",
				);
				GCC_WARN_64_TO_32_BIT_CONVERSION = YES;
				GCC_WARN_ABOUT_RETURN_TYPE = YES_ERROR;
				GCC_WARN_UNDECLARED_SELECTOR = YES;
				GCC_WARN_UNINITIALIZED_AUTOS = YES_AGGRESSIVE;
				GCC_WARN_UNUSED_FUNCTION = YES;
				GCC_WARN_UNUSED_VARIABLE = YES;
				IPHONEOS_DEPLOYMENT_TARGET = 17.0;
				LOCALIZATION_PREFERS_STRING_CATALOGS = YES;
				MTL_ENABLE_DEBUG_INFO = INCLUDE_SOURCE;
				MTL_FAST_MATH = YES;
				ONLY_ACTIVE_ARCH = YES;
				SDKROOT = iphoneos;
				SWIFT_ACTIVE_COMPILATION_CONDITIONS = "DEBUG $(inherited)";
				SWIFT_OPTIMIZATION_LEVEL = "-Onone";
			};
			name = Debug;
		};
		E80000002D4ABCFG00000004 /* Release */ = {
			isa = XCBuildConfiguration;
			buildSettings = {
				ALWAYS_SEARCH_USER_PATHS = NO;
				ASSETCATALOG_COMPILER_GENERATE_SWIFT_ASSET_SYMBOL_EXTENSIONS = YES;
				CLANG_ANALYZER_NONNULL = YES;
				CLANG_ANALYZER_NUMBER_OBJECT_CONVERSION = YES_AGGRESSIVE;
				CLANG_CXX_LANGUAGE_STANDARD = "gnu++20";
				CLANG_ENABLE_MODULES = YES;
				CLANG_ENABLE_OBJC_ARC = YES;
				CLANG_ENABLE_OBJC_WEAK = YES;
				CLANG_WARN_BLOCK_CAPTURE_AUTORELEASING = YES;
				CLANG_WARN_BOOL_CONVERSION = YES;
				CLANG_WARN_COMMA = YES;
				CLANG_WARN_CONSTANT_CONVERSION = YES;
				CLANG_WARN_DEPRECATED_OBJC_IMPLEMENTATIONS = YES;
				CLANG_WARN_DIRECT_OBJC_ISA_USAGE = YES_ERROR;
				CLANG_WARN_DOCUMENTATION_COMMENTS = YES;
				CLANG_WARN_EMPTY_BODY = YES;
				CLANG_WARN_ENUM_CONVERSION = YES;
				CLANG_WARN_INFINITE_RECURSION = YES;
				CLANG_WARN_INT_CONVERSION = YES;
				CLANG_WARN_NON_LITERAL_NULL_CONVERSION = YES;
				CLANG_WARN_OBJC_IMPLICIT_RETAIN_SELF = YES;
				CLANG_WARN_OBJC_LITERAL_CONVERSION = YES;
				CLANG_WARN_OBJC_ROOT_CLASS = YES_ERROR;
				CLANG_WARN_QUOTED_INCLUDE_IN_FRAMEWORK_HEADER = YES;
				CLANG_WARN_RANGE_LOOP_ANALYSIS = YES;
				CLANG_WARN_STRICT_PROTOTYPES = YES;
				CLANG_WARN_SUSPICIOUS_MOVE = YES;
				CLANG_WARN_UNGUARDED_AVAILABILITY = YES_AGGRESSIVE;
				CLANG_WARN_UNREACHABLE_CODE = YES;
				CLANG_WARN__DUPLICATE_METHOD_MATCH = YES;
				COPY_PHASE_STRIP = NO;
				DEBUG_INFORMATION_FORMAT = "dwarf-with-dsym";
				ENABLE_NS_ASSERTIONS = NO;
				ENABLE_STRICT_OBJC_MSGSEND = YES;
				ENABLE_USER_SCRIPT_SANDBOXING = YES;
				GCC_C_LANGUAGE_STANDARD = gnu17;
				GCC_NO_COMMON_BLOCKS = YES;
				GCC_WARN_64_TO_32_BIT_CONVERSION = YES;
				GCC_WARN_ABOUT_RETURN_TYPE = YES_ERROR;
				GCC_WARN_UNDECLARED_SELECTOR = YES;
				GCC_WARN_UNINITIALIZED_AUTOS = YES_AGGRESSIVE;
				GCC_WARN_UNUSED_FUNCTION = YES;
				GCC_WARN_UNUSED_VARIABLE = YES;
				IPHONEOS_DEPLOYMENT_TARGET = 17.0;
				LOCALIZATION_PREFERS_STRING_CATALOGS = YES;
				MTL_ENABLE_DEBUG_INFO = NO;
				MTL_FAST_MATH = YES;
				SDKROOT = iphoneos;
				SWIFT_COMPILATION_MODE = wholemodule;
				VALIDATE_PRODUCT = YES;
			};
			name = Release;
		};
		E80000002D4ABCFG00000005 /* Debug */ = {
			isa = XCBuildConfiguration;
			buildSettings = {
				ASSETCATALOG_COMPILER_APPICON_NAME = AppIcon;
				ASSETCATALOG_COMPILER_GLOBAL_ACCENT_COLOR_NAME = AccentColor;
				CODE_SIGN_STYLE = Automatic;
				CURRENT_PROJECT_VERSION = 1;
				DEVELOPMENT_ASSET_PATHS = "";
				ENABLE_PREVIEWS = YES;
				GENERATE_INFOPLIST_FILE = YES;
				INFOPLIST_FILE = ReelRoyale/Info.plist;
				INFOPLIST_KEY_NSCameraUsageDescription = "ReelRoyale needs camera access to take photos of your catches and measure fish length.";
				INFOPLIST_KEY_NSLocationWhenInUseUsageDescription = "ReelRoyale needs your location to show nearby fishing spots and log catch locations.";
				INFOPLIST_KEY_NSPhotoLibraryUsageDescription = "ReelRoyale needs photo library access to select photos of your catches.";
				INFOPLIST_KEY_UIApplicationSceneManifest_Generation = YES;
				INFOPLIST_KEY_UIApplicationSupportsIndirectInputEvents = YES;
				INFOPLIST_KEY_UILaunchScreen_Generation = YES;
				INFOPLIST_KEY_UISupportedInterfaceOrientations_iPad = "UIInterfaceOrientationPortrait UIInterfaceOrientationPortraitUpsideDown UIInterfaceOrientationLandscapeLeft UIInterfaceOrientationLandscapeRight";
				INFOPLIST_KEY_UISupportedInterfaceOrientations_iPhone = "UIInterfaceOrientationPortrait UIInterfaceOrientationLandscapeLeft UIInterfaceOrientationLandscapeRight";
				LD_RUNPATH_SEARCH_PATHS = (
					"$(inherited)",
					"@executable_path/Frameworks",
				);
				MARKETING_VERSION = 1.0;
				PRODUCT_BUNDLE_IDENTIFIER = com.reelroyale.app;
				PRODUCT_NAME = "$(TARGET_NAME)";
				SWIFT_EMIT_LOC_STRINGS = YES;
				SWIFT_VERSION = 5.0;
				TARGETED_DEVICE_FAMILY = "1,2";
			};
			name = Debug;
		};
		E80000002D4ABCFG00000006 /* Release */ = {
			isa = XCBuildConfiguration;
			buildSettings = {
				ASSETCATALOG_COMPILER_APPICON_NAME = AppIcon;
				ASSETCATALOG_COMPILER_GLOBAL_ACCENT_COLOR_NAME = AccentColor;
				CODE_SIGN_STYLE = Automatic;
				CURRENT_PROJECT_VERSION = 1;
				DEVELOPMENT_ASSET_PATHS = "";
				ENABLE_PREVIEWS = YES;
				GENERATE_INFOPLIST_FILE = YES;
				INFOPLIST_FILE = ReelRoyale/Info.plist;
				INFOPLIST_KEY_NSCameraUsageDescription = "ReelRoyale needs camera access to take photos of your catches and measure fish length.";
				INFOPLIST_KEY_NSLocationWhenInUseUsageDescription = "ReelRoyale needs your location to show nearby fishing spots and log catch locations.";
				INFOPLIST_KEY_NSPhotoLibraryUsageDescription = "ReelRoyale needs photo library access to select photos of your catches.";
				INFOPLIST_KEY_UIApplicationSceneManifest_Generation = YES;
				INFOPLIST_KEY_UIApplicationSupportsIndirectInputEvents = YES;
				INFOPLIST_KEY_UILaunchScreen_Generation = YES;
				INFOPLIST_KEY_UISupportedInterfaceOrientations_iPad = "UIInterfaceOrientationPortrait UIInterfaceOrientationPortraitUpsideDown UIInterfaceOrientationLandscapeLeft UIInterfaceOrientationLandscapeRight";
				INFOPLIST_KEY_UISupportedInterfaceOrientations_iPhone = "UIInterfaceOrientationPortrait UIInterfaceOrientationLandscapeLeft UIInterfaceOrientationLandscapeRight";
				LD_RUNPATH_SEARCH_PATHS = (
					"$(inherited)",
					"@executable_path/Frameworks",
				);
				MARKETING_VERSION = 1.0;
				PRODUCT_BUNDLE_IDENTIFIER = com.reelroyale.app;
				PRODUCT_NAME = "$(TARGET_NAME)";
				SWIFT_EMIT_LOC_STRINGS = YES;
				SWIFT_VERSION = 5.0;
				TARGETED_DEVICE_FAMILY = "1,2";
			};
			name = Release;
		};
/* End XCBuildConfiguration section */

/* Begin XCConfigurationList section */
		E80000002D4ABCFG00000001 /* Build configuration list for PBXNativeTarget "ReelRoyale" */ = {
			isa = XCConfigurationList;
			buildConfigurations = (
				E80000002D4ABCFG00000005 /* Debug */,
				E80000002D4ABCFG00000006 /* Release */,
			);
			defaultConfigurationIsVisible = 0;
			defaultConfigurationName = Release;
		};
		E80000002D4ABCFG00000002 /* Build configuration list for PBXProject "ReelRoyale" */ = {
			isa = XCConfigurationList;
			buildConfigurations = (
				E80000002D4ABCFG00000003 /* Debug */,
				E80000002D4ABCFG00000004 /* Release */,
			);
			defaultConfigurationIsVisible = 0;
			defaultConfigurationName = Release;
		};
/* End XCConfigurationList section */

/* Begin XCRemoteSwiftPackageReference section */
		E80000002D4APKGR00000001 /* XCRemoteSwiftPackageReference "supabase-swift" */ = {
			isa = XCRemoteSwiftPackageReference;
			repositoryURL = "https://github.com/supabase/supabase-swift.git";
			requirement = {
				kind = upToNextMajorVersion;
				minimumVersion = 2.0.0;
			};
		};
/* End XCRemoteSwiftPackageReference section */

/* Begin XCSwiftPackageProductDependency section */
		E80000002D4APKGD00000001 /* Supabase */ = {
			isa = XCSwiftPackageProductDependency;
			package = E80000002D4APKGR00000001 /* XCRemoteSwiftPackageReference "supabase-swift" */;
			productName = Supabase;
		};
/* End XCSwiftPackageProductDependency section */
	};
	rootObject = E80000002D4APROJ00000001 /* Project object */;
}
